
Microsoft Visual Studio Solution File, Format Version 12.00
# Visual Studio 15
Project("{FAE04EC0-301F-11D3-BF4B-00C04F79EFBC}") = "sendatext", "sendatext\sendatext.csproj", "{14EC6705-4955-464A-B73D-7FC8BEED2690}"
EndProject
Global
	GlobalSection(SolutionConfigurationPlatforms) = preSolution
		Debug|x86 = Debug|x86
		Release|x86 = Release|x86
	EndGlobalSection
	GlobalSection(ProjectConfigurationPlatforms) = postSolution
		{14EC6705-4955-464A-B73D-7FC8BEED2690}.Debug|x86.ActiveCfg = Debug|x86
		{14EC6705-4955-464A-B73D-7FC8BEED2690}.Debug|x86.Build.0 = Debug|x86
		{14EC6705-4955-464A-B73D-7FC8BEED2690}.Release|x86.ActiveCfg = Release|x86
		{14EC6705-4955-464A-B73D-7FC8BEED2690}.Release|x86.Build.0 = Release|x86
	EndGlobalSection
EndGlobal
